// !$*UTF8*$!
{
	archiveVersion = 1;
	classes = {
	};
	objectVersion = 46;
	objects = {

/* Begin PBXBuildFile section */
		BE7FA8821F8898B500D681E9 /* AppDelegate.swift in Sources */ = {isa = PBXBuildFile; fileRef = BE7FA8811F8898B500D681E9 /* AppDelegate.swift */; };
		BE7FA8841F8898B500D681E9 /* ViewController.swift in Sources */ = {isa = PBXBuildFile; fileRef = BE7FA8831F8898B500D681E9 /* ViewController.swift */; };
		BE7FA8871F8898B500D681E9 /* Main.storyboard in Resources */ = {isa = PBXBuildFile; fileRef = BE7FA8851F8898B500D681E9 /* Main.storyboard */; };
		BE7FA88A1F8898B500D681E9 /* Testable_Dependency_Injection_Protocols.xcdatamodeld in Sources */ = {isa = PBXBuildFile; fileRef = BE7FA8881F8898B500D681E9 /* Testable_Dependency_Injection_Protocols.xcdatamodeld */; };
		BE7FA88C1F8898B500D681E9 /* Assets.xcassets in Resources */ = {isa = PBXBuildFile; fileRef = BE7FA88B1F8898B500D681E9 /* Assets.xcassets */; };
		BE7FA88F1F8898B500D681E9 /* LaunchScreen.storyboard in Resources */ = {isa = PBXBuildFile; fileRef = BE7FA88D1F8898B500D681E9 /* LaunchScreen.storyboard */; };
		BE7FA89A1F8898B500D681E9 /* Testable_Dependency_Injection_ProtocolsTests.swift in Sources */ = {isa = PBXBuildFile; fileRef = BE7FA8991F8898B500D681E9 /* Testable_Dependency_Injection_ProtocolsTests.swift */; };
		BE7FA8A51F8898B500D681E9 /* Testable_Dependency_Injection_ProtocolsUITests.swift in Sources */ = {isa = PBXBuildFile; fileRef = BE7FA8A41F8898B500D681E9 /* Testable_Dependency_Injection_ProtocolsUITests.swift */; };
/* End PBXBuildFile section */

/* Begin PBXContainerItemProxy section */
		BE7FA8961F8898B500D681E9 /* PBXContainerItemProxy */ = {
			isa = PBXContainerItemProxy;
			containerPortal = BE7FA8761F8898B400D681E9 /* Project object */;
			proxyType = 1;
			remoteGlobalIDString = BE7FA87D1F8898B500D681E9;
			remoteInfo = Testable_Dependency_Injection_Protocols;
		};
		BE7FA8A11F8898B500D681E9 /* PBXContainerItemProxy */ = {
			isa = PBXContainerItemProxy;
			containerPortal = BE7FA8761F8898B400D681E9 /* Project object */;
			proxyType = 1;
			remoteGlobalIDString = BE7FA87D1F8898B500D681E9;
			remoteInfo = Testable_Dependency_Injection_Protocols;
		};
/* End PBXContainerItemProxy section */

/* Begin PBXFileReference section */
		BE7FA87E1F8898B500D681E9 /* Testable_Dependency_Injection_Protocols.app */ = {isa = PBXFileReference; explicitFileType = wrapper.application; includeInIndex = 0; path = Testable_Dependency_Injection_Protocols.app; sourceTree = BUILT_PRODUCTS_DIR; };
		BE7FA8811F8898B500D681E9 /* AppDelegate.swift */ = {isa = PBXFileReference; lastKnownFileType = sourcecode.swift; path = AppDelegate.swift; sourceTree = "<group>"; };
		BE7FA8831F8898B500D681E9 /* ViewController.swift */ = {isa = PBXFileReference; lastKnownFileType = sourcecode.swift; path = ViewController.swift; sourceTree = "<group>"; };
		BE7FA8861F8898B500D681E9 /* Base */ = {isa = PBXFileReference; lastKnownFileType = file.storyboard; name = Base; path = Base.lproj/Main.storyboard; sourceTree = "<group>"; };
		BE7FA8891F8898B500D681E9 /* Testable_Dependency_Injection_Protocols.xcdatamodel */ = {isa = PBXFileReference; lastKnownFileType = wrapper.xcdatamodel; path = Testable_Dependency_Injection_Protocols.xcdatamodel; sourceTree = "<group>"; };
		BE7FA88B1F8898B500D681E9 /* Assets.xcassets */ = {isa = PBXFileReference; lastKnownFileType = folder.assetcatalog; path = Assets.xcassets; sourceTree = "<group>"; };
		BE7FA88E1F8898B500D681E9 /* Base */ = {isa = PBXFileReference; lastKnownFileType = file.storyboard; name = Base; path = Base.lproj/LaunchScreen.storyboard; sourceTree = "<group>"; };
		BE7FA8901F8898B500D681E9 /* Info.plist */ = {isa = PBXFileReference; lastKnownFileType = text.plist.xml; path = Info.plist; sourceTree = "<group>"; };
		BE7FA8951F8898B500D681E9 /* Testable_Dependency_Injection_ProtocolsTests.xctest */ = {isa = PBXFileReference; explicitFileType = wrapper.cfbundle; includeInIndex = 0; path = Testable_Dependency_Injection_ProtocolsTests.xctest; sourceTree = BUILT_PRODUCTS_DIR; };
		BE7FA8991F8898B500D681E9 /* Testable_Dependency_Injection_ProtocolsTests.swift */ = {isa = PBXFileReference; lastKnownFileType = sourcecode.swift; path = Testable_Dependency_Injection_ProtocolsTests.swift; sourceTree = "<group>"; };
		BE7FA89B1F8898B500D681E9 /* Info.plist */ = {isa = PBXFileReference; lastKnownFileType = text.plist.xml; path = Info.plist; sourceTree = "<group>"; };
		BE7FA8A01F8898B500D681E9 /* Testable_Dependency_Injection_ProtocolsUITests.xctest */ = {isa = PBXFileReference; explicitFileType = wrapper.cfbundle; includeInIndex = 0; path = Testable_Dependency_Injection_ProtocolsUITests.xctest; sourceTree = BUILT_PRODUCTS_DIR; };
		BE7FA8A41F8898B500D681E9 /* Testable_Dependency_Injection_ProtocolsUITests.swift */ = {isa = PBXFileReference; lastKnownFileType = sourcecode.swift; path = Testable_Dependency_Injection_ProtocolsUITests.swift; sourceTree = "<group>"; };
		BE7FA8A61F8898B500D681E9 /* Info.plist */ = {isa = PBXFileReference; lastKnownFileType = text.plist.xml; path = Info.plist; sourceTree = "<group>"; };
/* End PBXFileReference section */

/* Begin PBXFrameworksBuildPhase section */
		BE7FA87B1F8898B500D681E9 /* Frameworks */ = {
			isa = PBXFrameworksBuildPhase;
			buildActionMask = 2147483647;
			files = (
			);
			runOnlyForDeploymentPostprocessing = 0;
		};
		BE7FA8921F8898B500D681E9 /* Frameworks */ = {
			isa = PBXFrameworksBuildPhase;
			buildActionMask = 2147483647;
			files = (
			);
			runOnlyForDeploymentPostprocessing = 0;
		};
		BE7FA89D1F8898B500D681E9 /* Frameworks */ = {
			isa = PBXFrameworksBuildPhase;
			buildActionMask = 2147483647;
			files = (
			);
			runOnlyForDeploymentPostprocessing = 0;
		};
/* End PBXFrameworksBuildPhase section */

/* Begin PBXGroup section */
		BE7FA8751F8898B400D681E9 = {
			isa = PBXGroup;
			children = (
				BE7FA8801F8898B500D681E9 /* Testable_Dependency_Injection_Protocols */,
				BE7FA8981F8898B500D681E9 /* Testable_Dependency_Injection_ProtocolsTests */,
				BE7FA8A31F8898B500D681E9 /* Testable_Dependency_Injection_ProtocolsUITests */,
				BE7FA87F1F8898B500D681E9 /* Products */,
			);
			sourceTree = "<group>";
		};
		BE7FA87F1F8898B500D681E9 /* Products */ = {
			isa = PBXGroup;
			children = (
				BE7FA87E1F8898B500D681E9 /* Testable_Dependency_Injection_Protocols.app */,
				BE7FA8951F8898B500D681E9 /* Testable_Dependency_Injection_ProtocolsTests.xctest */,
				BE7FA8A01F8898B500D681E9 /* Testable_Dependency_Injection_ProtocolsUITests.xctest */,
			);
			name = Products;
			sourceTree = "<group>";
		};
		BE7FA8801F8898B500D681E9 /* Testable_Dependency_Injection_Protocols */ = {
			isa = PBXGroup;
			children = (
				BE7FA8811F8898B500D681E9 /* AppDelegate.swift */,
				BE7FA8831F8898B500D681E9 /* ViewController.swift */,
				BE7FA8851F8898B500D681E9 /* Main.storyboard */,
				BE7FA88B1F8898B500D681E9 /* Assets.xcassets */,
				BE7FA88D1F8898B500D681E9 /* LaunchScreen.storyboard */,
				BE7FA8901F8898B500D681E9 /* Info.plist */,
				BE7FA8881F8898B500D681E9 /* Testable_Dependency_Injection_Protocols.xcdatamodeld */,
			);
			path = Testable_Dependency_Injection_Protocols;
			sourceTree = "<group>";
		};
		BE7FA8981F8898B500D681E9 /* Testable_Dependency_Injection_ProtocolsTests */ = {
			isa = PBXGroup;
			children = (
				BE7FA8991F8898B500D681E9 /* Testable_Dependency_Injection_ProtocolsTests.swift */,
				BE7FA89B1F8898B500D681E9 /* Info.plist */,
			);
			path = Testable_Dependency_Injection_ProtocolsTests;
			sourceTree = "<group>";
		};
		BE7FA8A31F8898B500D681E9 /* Testable_Dependency_Injection_ProtocolsUITests */ = {
			isa = PBXGroup;
			children = (
				BE7FA8A41F8898B500D681E9 /* Testable_Dependency_Injection_ProtocolsUITests.swift */,
				BE7FA8A61F8898B500D681E9 /* Info.plist */,
			);
			path = Testable_Dependency_Injection_ProtocolsUITests;
			sourceTree = "<group>";
		};
/* End PBXGroup section */

/* Begin PBXNativeTarget section */
		BE7FA87D1F8898B500D681E9 /* Testable_Dependency_Injection_Protocols */ = {
			isa = PBXNativeTarget;
			buildConfigurationList = BE7FA8A91F8898B500D681E9 /* Build configuration list for PBXNativeTarget "Testable_Dependency_Injection_Protocols" */;
			buildPhases = (
				BE7FA87A1F8898B500D681E9 /* Sources */,
				BE7FA87B1F8898B500D681E9 /* Frameworks */,
				BE7FA87C1F8898B500D681E9 /* Resources */,
			);
			buildRules = (
			);
			dependencies = (
			);
			name = Testable_Dependency_Injection_Protocols;
			productName = Testable_Dependency_Injection_Protocols;
			productReference = BE7FA87E1F8898B500D681E9 /* Testable_Dependency_Injection_Protocols.app */;
			productType = "com.apple.product-type.application";
		};
		BE7FA8941F8898B500D681E9 /* Testable_Dependency_Injection_ProtocolsTests */ = {
			isa = PBXNativeTarget;
			buildConfigurationList = BE7FA8AC1F8898B500D681E9 /* Build configuration list for PBXNativeTarget "Testable_Dependency_Injection_ProtocolsTests" */;
			buildPhases = (
				BE7FA8911F8898B500D681E9 /* Sources */,
				BE7FA8921F8898B500D681E9 /* Frameworks */,
				BE7FA8931F8898B500D681E9 /* Resources */,
			);
			buildRules = (
			);
			dependencies = (
				BE7FA8971F8898B500D681E9 /* PBXTargetDependency */,
			);
			name = Testable_Dependency_Injection_ProtocolsTests;
			productName = Testable_Dependency_Injection_ProtocolsTests;
			productReference = BE7FA8951F8898B500D681E9 /* Testable_Dependency_Injection_ProtocolsTests.xctest */;
			productType = "com.apple.product-type.bundle.unit-test";
		};
		BE7FA89F1F8898B500D681E9 /* Testable_Dependency_Injection_ProtocolsUITests */ = {
			isa = PBXNativeTarget;
			buildConfigurationList = BE7FA8AF1F8898B500D681E9 /* Build configuration list for PBXNativeTarget "Testable_Dependency_Injection_ProtocolsUITests" */;
			buildPhases = (
				BE7FA89C1F8898B500D681E9 /* Sources */,
				BE7FA89D1F8898B500D681E9 /* Frameworks */,
				BE7FA89E1F8898B500D681E9 /* Resources */,
			);
			buildRules = (
			);
			dependencies = (
				BE7FA8A21F8898B500D681E9 /* PBXTargetDependency */,
			);
			name = Testable_Dependency_Injection_ProtocolsUITests;
			productName = Testable_Dependency_Injection_ProtocolsUITests;
			productReference = BE7FA8A01F8898B500D681E9 /* Testable_Dependency_Injection_ProtocolsUITests.xctest */;
			productType = "com.apple.product-type.bundle.ui-testing";
		};
/* End PBXNativeTarget section */

/* Begin PBXProject section */
		BE7FA8761F8898B400D681E9 /* Project object */ = {
			isa = PBXProject;
			attributes = {
				LastSwiftUpdateCheck = 0830;
				LastUpgradeCheck = 0830;
				ORGANIZATIONNAME = "Phan That Bao";
				TargetAttributes = {
					BE7FA87D1F8898B500D681E9 = {
						CreatedOnToolsVersion = 8.3.3;
						ProvisioningStyle = Automatic;
					};
					BE7FA8941F8898B500D681E9 = {
						CreatedOnToolsVersion = 8.3.3;
						ProvisioningStyle = Automatic;
						TestTargetID = BE7FA87D1F8898B500D681E9;
					};
					BE7FA89F1F8898B500D681E9 = {
						CreatedOnToolsVersion = 8.3.3;
						ProvisioningStyle = Automatic;
						TestTargetID = BE7FA87D1F8898B500D681E9;
					};
				};
			};
			buildConfigurationList = BE7FA8791F8898B400D681E9 /* Build configuration list for PBXProject "Testable_Dependency_Injection_Protocols" */;
			compatibilityVersion = "Xcode 3.2";
			developmentRegion = English;
			hasScannedForEncodings = 0;
			knownRegions = (
				en,
				Base,
			);
			mainGroup = BE7FA8751F8898B400D681E9;
			productRefGroup = BE7FA87F1F8898B500D681E9 /* Products */;
			projectDirPath = "";
			projectRoot = "";
			targets = (
				BE7FA87D1F8898B500D681E9 /* Testable_Dependency_Injection_Protocols */,
				BE7FA8941F8898B500D681E9 /* Testable_Dependency_Injection_ProtocolsTests */,
				BE7FA89F1F8898B500D681E9 /* Testable_Dependency_Injection_ProtocolsUITests */,
			);
		};
/* End PBXProject section */

/* Begin PBXResourcesBuildPhase section */
		BE7FA87C1F8898B500D681E9 /* Resources */ = {
			isa = PBXResourcesBuildPhase;
			buildActionMask = 2147483647;
			files = (
				BE7FA88F1F8898B500D681E9 /* LaunchScreen.storyboard in Resources */,
				BE7FA88C1F8898B500D681E9 /* Assets.xcassets in Resources */,
				BE7FA8871F8898B500D681E9 /* Main.storyboard in Resources */,
			);
			runOnlyForDeploymentPostprocessing = 0;
		};
		BE7FA8931F8898B500D681E9 /* Resources */ = {
			isa = PBXResourcesBuildPhase;
			buildActionMask = 2147483647;
			files = (
			);
			runOnlyForDeploymentPostprocessing = 0;
		};
		BE7FA89E1F8898B500D681E9 /* Resources */ = {
			isa = PBXResourcesBuildPhase;
			buildActionMask = 2147483647;
			files = (
			);
			runOnlyForDeploymentPostprocessing = 0;
		};
/* End PBXResourcesBuildPhase section */

/* Begin PBXSourcesBuildPhase section */
		BE7FA87A1F8898B500D681E9 /* Sources */ = {
			isa = PBXSourcesBuildPhase;
			buildActionMask = 2147483647;
			files = (
				BE7FA8841F8898B500D681E9 /* ViewController.swift in Sources */,
				BE7FA88A1F8898B500D681E9 /* Testable_Dependency_Injection_Protocols.xcdatamodeld in Sources */,
				BE7FA8821F8898B500D681E9 /* AppDelegate.swift in Sources */,
			);
			runOnlyForDeploymentPostprocessing = 0;
		};
		BE7FA8911F8898B500D681E9 /* Sources */ = {
			isa = PBXSourcesBuildPhase;
			buildActionMask = 2147483647;
			files = (
				BE7FA89A1F8898B500D681E9 /* Testable_Dependency_Injection_ProtocolsTests.swift in Sources */,
			);
			runOnlyForDeploymentPostprocessing = 0;
		};
		BE7FA89C1F8898B500D681E9 /* Sources */ = {
			isa = PBXSourcesBuildPhase;
			buildActionMask = 2147483647;
			files = (
				BE7FA8A51F8898B500D681E9 /* Testable_Dependency_Injection_ProtocolsUITests.swift in Sources */,
			);
			runOnlyForDeploymentPostprocessing = 0;
		};
/* End PBXSourcesBuildPhase section */

/* Begin PBXTargetDependency section */
		BE7FA8971F8898B500D681E9 /* PBXTargetDependency */ = {
			isa = PBXTargetDependency;
			target = BE7FA87D1F8898B500D681E9 /* Testable_Dependency_Injection_Protocols */;
			targetProxy = BE7FA8961F8898B500D681E9 /* PBXContainerItemProxy */;
		};
		BE7FA8A21F8898B500D681E9 /* PBXTargetDependency */ = {
			isa = PBXTargetDependency;
			target = BE7FA87D1F8898B500D681E9 /* Testable_Dependency_Injection_Protocols */;
			targetProxy = BE7FA8A11F8898B500D681E9 /* PBXContainerItemProxy */;
		};
/* End PBXTargetDependency section */

/* Begin PBXVariantGroup section */
		BE7FA8851F8898B500D681E9 /* Main.storyboard */ = {
			isa = PBXVariantGroup;
			children = (
				BE7FA8861F8898B500D681E9 /* Base */,
			);
			name = Main.storyboard;
			sourceTree = "<group>";
		};
		BE7FA88D1F8898B500D681E9 /* LaunchScreen.storyboard */ = {
			isa = PBXVariantGroup;
			children = (
				BE7FA88E1F8898B500D681E9 /* Base */,
			);
			name = LaunchScreen.storyboard;
			sourceTree = "<group>";
		};
/* End PBXVariantGroup section */

/* Begin XCBuildConfiguration section */
		BE7FA8A71F8898B500D681E9 /* Debug */ = {
			isa = XCBuildConfiguration;
			buildSettings = {
				ALWAYS_SEARCH_USER_PATHS = NO;
				CLANG_ANALYZER_NONNULL = YES;
				CLANG_ANALYZER_NUMBER_OBJECT_CONVERSION = YES_AGGRESSIVE;
				CLANG_CXX_LANGUAGE_STANDARD = "gnu++0x";
				CLANG_CXX_LIBRARY = "libc++";
				CLANG_ENABLE_MODULES = YES;
				CLANG_ENABLE_OBJC_ARC = YES;
				CLANG_WARN_BOOL_CONVERSION = YES;
				CLANG_WARN_CONSTANT_CONVERSION = YES;
				CLANG_WARN_DIRECT_OBJC_ISA_USAGE = YES_ERROR;
				CLANG_WARN_DOCUMENTATION_COMMENTS = YES;
				CLANG_WARN_EMPTY_BODY = YES;
				CLANG_WARN_ENUM_CONVERSION = YES;
				CLANG_WARN_INFINITE_RECURSION = YES;
				CLANG_WARN_INT_CONVERSION = YES;
				CLANG_WARN_OBJC_ROOT_CLASS = YES_ERROR;
				CLANG_WARN_SUSPICIOUS_MOVE = YES;
				CLANG_WARN_UNREACHABLE_CODE = YES;
				CLANG_WARN__DUPLICATE_METHOD_MATCH = YES;
				"CODE_SIGN_IDENTITY[sdk=iphoneos*]" = "iPhone Developer";
				COPY_PHASE_STRIP = NO;
				DEBUG_INFORMATION_FORMAT = dwarf;
				ENABLE_STRICT_OBJC_MSGSEND = YES;
				ENABLE_TESTABILITY = YES;
				GCC_C_LANGUAGE_STANDARD = gnu99;
				GCC_DYNAMIC_NO_PIC = NO;
				GCC_NO_COMMON_BLOCKS = YES;
				GCC_OPTIMIZATION_LEVEL = 0;
				GCC_PREPROCESSOR_DEFINITIONS = (
					"DEBUG=1",
					"$(inherited)",
				);
				GCC_WARN_64_TO_32_BIT_CONVERSION = YES;
				GCC_WARN_ABOUT_RETURN_TYPE = YES_ERROR;
				GCC_WARN_UNDECLARED_SELECTOR = YES;
				GCC_WARN_UNINITIALIZED_AUTOS = YES_AGGRESSIVE;
				GCC_WARN_UNUSED_FUNCTION = YES;
				GCC_WARN_UNUSED_VARIABLE = YES;
				IPHONEOS_DEPLOYMENT_TARGET = 10.3;
				MTL_ENABLE_DEBUG_INFO = YES;
				ONLY_ACTIVE_ARCH = YES;
				SDKROOT = iphoneos;
				SWIFT_ACTIVE_COMPILATION_CONDITIONS = DEBUG;
				SWIFT_OPTIMIZATION_LEVEL = "-Onone";
			};
			name = Debug;
		};
		BE7FA8A81F8898B500D681E9 /* Release */ = {
			isa = XCBuildConfiguration;
			buildSettings = {
				ALWAYS_SEARCH_USER_PATHS = NO;
				CLANG_ANALYZER_NONNULL = YES;
				CLANG_ANALYZER_NUMBER_OBJECT_CONVERSION = YES_AGGRESSIVE;
				CLANG_CXX_LANGUAGE_STANDARD = "gnu++0x";
				CLANG_CXX_LIBRARY = "libc++";
				CLANG_ENABLE_MODULES = YES;
				CLANG_ENABLE_OBJC_ARC = YES;
				CLANG_WARN_BOOL_CONVERSION = YES;
				CLANG_WARN_CONSTANT_CONVERSION = YES;
				CLANG_WARN_DIRECT_OBJC_ISA_USAGE = YES_ERROR;
				CLANG_WARN_DOCUMENTATION_COMMENTS = YES;
				CLANG_WARN_EMPTY_BODY = YES;
				CLANG_WARN_ENUM_CONVERSION = YES;
				CLANG_WARN_INFINITE_RECURSION = YES;
				CLANG_WARN_INT_CONVERSION = YES;
				CLANG_WARN_OBJC_ROOT_CLASS = YES_ERROR;
				CLANG_WARN_SUSPICIOUS_MOVE = YES;
				CLANG_WARN_UNREACHABLE_CODE = YES;
				CLANG_WARN__DUPLICATE_METHOD_MATCH = YES;
				"CODE_SIGN_IDENTITY[sdk=iphoneos*]" = "iPhone Developer";
				COPY_PHASE_STRIP = NO;
				DEBUG_INFORMATION_FORMAT = "dwarf-with-dsym";
				ENABLE_NS_ASSERTIONS = NO;
				ENABLE_STRICT_OBJC_MSGSEND = YES;
				GCC_C_LANGUAGE_STANDARD = gnu99;
				GCC_NO_COMMON_BLOCKS = YES;
				GCC_WARN_64_TO_32_BIT_CONVERSION = YES;
				GCC_WARN_ABOUT_RETURN_TYPE = YES_ERROR;
				GCC_WARN_UNDECLARED_SELECTOR = YES;
				GCC_WARN_UNINITIALIZED_AUTOS = YES_AGGRESSIVE;
				GCC_WARN_UNUSED_FUNCTION = YES;
				GCC_WARN_UNUSED_VARIABLE = YES;
				IPHONEOS_DEPLOYMENT_TARGET = 10.3;
				MTL_ENABLE_DEBUG_INFO = NO;
				SDKROOT = iphoneos;
				SWIFT_OPTIMIZATION_LEVEL = "-Owholemodule";
				VALIDATE_PRODUCT = YES;
			};
			name = Release;
		};
		BE7FA8AA1F8898B500D681E9 /* Debug */ = {
			isa = XCBuildConfiguration;
			buildSettings = {
				ASSETCATALOG_COMPILER_APPICON_NAME = AppIcon;
				INFOPLIST_FILE = Testable_Dependency_Injection_Protocols/Info.plist;
				LD_RUNPATH_SEARCH_PATHS = "$(inherited) @executable_path/Frameworks";
				PRODUCT_BUNDLE_IDENTIFIER = "BaoPT1.Testable-Dependency-Injection-Protocols";
				PRODUCT_NAME = "$(TARGET_NAME)";
				SWIFT_VERSION = 3.0;
			};
			name = Debug;
		};
		BE7FA8AB1F8898B500D681E9 /* Release */ = {
			isa = XCBuildConfiguration;
			buildSettings = {
				ASSETCATALOG_COMPILER_APPICON_NAME = AppIcon;
				INFOPLIST_FILE = Testable_Dependency_Injection_Protocols/Info.plist;
				LD_RUNPATH_SEARCH_PATHS = "$(inherited) @executable_path/Frameworks";
				PRODUCT_BUNDLE_IDENTIFIER = "BaoPT1.Testable-Dependency-Injection-Protocols";
				PRODUCT_NAME = "$(TARGET_NAME)";
				SWIFT_VERSION = 3.0;
			};
			name = Release;
		};
		BE7FA8AD1F8898B500D681E9 /* Debug */ = {
			isa = XCBuildConfiguration;
			buildSettings = {
				ALWAYS_EMBED_SWIFT_STANDARD_LIBRARIES = YES;
				BUNDLE_LOADER = "$(TEST_HOST)";
				INFOPLIST_FILE = Testable_Dependency_Injection_ProtocolsTests/Info.plist;
				LD_RUNPATH_SEARCH_PATHS = "$(inherited) @executable_path/Frameworks @loader_path/Frameworks";
				PRODUCT_BUNDLE_IDENTIFIER = "BaoPT1.Testable-Dependency-Injection-ProtocolsTests";
				PRODUCT_NAME = "$(TARGET_NAME)";
				SWIFT_VERSION = 3.0;
				TEST_HOST = "$(BUILT_PRODUCTS_DIR)/Testable_Dependency_Injection_Protocols.app/Testable_Dependency_Injection_Protocols";
			};
			name = Debug;
		};
		BE7FA8AE1F8898B500D681E9 /* Release */ = {
			isa = XCBuildConfiguration;
			buildSettings = {
				ALWAYS_EMBED_SWIFT_STANDARD_LIBRARIES = YES;
				BUNDLE_LOADER = "$(TEST_HOST)";
				INFOPLIST_FILE = Testable_Dependency_Injection_ProtocolsTests/Info.plist;
				LD_RUNPATH_SEARCH_PATHS = "$(inherited) @executable_path/Frameworks @loader_path/Frameworks";
				PRODUCT_BUNDLE_IDENTIFIER = "BaoPT1.Testable-Dependency-Injection-ProtocolsTests";
				PRODUCT_NAME = "$(TARGET_NAME)";
				SWIFT_VERSION = 3.0;
				TEST_HOST = "$(BUILT_PRODUCTS_DIR)/Testable_Dependency_Injection_Protocols.app/Testable_Dependency_Injection_Protocols";
			};
			name = Release;
		};
		BE7FA8B01F8898B500D681E9 /* Debug */ = {
			isa = XCBuildConfiguration;
			buildSettings = {
				ALWAYS_EMBED_SWIFT_STANDARD_LIBRARIES = YES;
				INFOPLIST_FILE = Testable_Dependency_Injection_ProtocolsUITests/Info.plist;
				LD_RUNPATH_SEARCH_PATHS = "$(inherited) @executable_path/Frameworks @loader_path/Frameworks";
				PRODUCT_BUNDLE_IDENTIFIER = "BaoPT1.Testable-Dependency-Injection-ProtocolsUITests";
				PRODUCT_NAME = "$(TARGET_NAME)";
				SWIFT_VERSION = 3.0;
				TEST_TARGET_NAME = Testable_Dependency_Injection_Protocols;
			};
			name = Debug;
		};
		BE7FA8B11F8898B500D681E9 /* Release */ = {
			isa = XCBuildConfiguration;
			buildSettings = {
				ALWAYS_EMBED_SWIFT_STANDARD_LIBRARIES = YES;
				INFOPLIST_FILE = Testable_Dependency_Injection_ProtocolsUITests/Info.plist;
				LD_RUNPATH_SEARCH_PATHS = "$(inherited) @executable_path/Frameworks @loader_path/Frameworks";
				PRODUCT_BUNDLE_IDENTIFIER = "BaoPT1.Testable-Dependency-Injection-ProtocolsUITests";
				PRODUCT_NAME = "$(TARGET_NAME)";
				SWIFT_VERSION = 3.0;
				TEST_TARGET_NAME = Testable_Dependency_Injection_Protocols;
			};
			name = Release;
		};
/* End XCBuildConfiguration section */

/* Begin XCConfigurationList section */
		BE7FA8791F8898B400D681E9 /* Build configuration list for PBXProject "Testable_Dependency_Injection_Protocols" */ = {
			isa = XCConfigurationList;
			buildConfigurations = (
				BE7FA8A71F8898B500D681E9 /* Debug */,
				BE7FA8A81F8898B500D681E9 /* Release */,
			);
			defaultConfigurationIsVisible = 0;
			defaultConfigurationName = Release;
		};
		BE7FA8A91F8898B500D681E9 /* Build configuration list for PBXNativeTarget "Testable_Dependency_Injection_Protocols" */ = {
			isa = XCConfigurationList;
			buildConfigurations = (
				BE7FA8AA1F8898B500D681E9 /* Debug */,
				BE7FA8AB1F8898B500D681E9 /* Release */,
			);
			defaultConfigurationIsVisible = 0;
		};
		BE7FA8AC1F8898B500D681E9 /* Build configuration list for PBXNativeTarget "Testable_Dependency_Injection_ProtocolsTests" */ = {
			isa = XCConfigurationList;
			buildConfigurations = (
				BE7FA8AD1F8898B500D681E9 /* Debug */,
				BE7FA8AE1F8898B500D681E9 /* Release */,
			);
			defaultConfigurationIsVisible = 0;
		};
		BE7FA8AF1F8898B500D681E9 /* Build configuration list for PBXNativeTarget "Testable_Dependency_Injection_ProtocolsUITests" */ = {
			isa = XCConfigurationList;
			buildConfigurations = (
				BE7FA8B01F8898B500D681E9 /* Debug */,
				BE7FA8B11F8898B500D681E9 /* Release */,
			);
			defaultConfigurationIsVisible = 0;
		};
/* End XCConfigurationList section */

/* Begin XCVersionGroup section */
		BE7FA8881F8898B500D681E9 /* Testable_Dependency_Injection_Protocols.xcdatamodeld */ = {
			isa = XCVersionGroup;
			children = (
				BE7FA8891F8898B500D681E9 /* Testable_Dependency_Injection_Protocols.xcdatamodel */,
			);
			currentVersion = BE7FA8891F8898B500D681E9 /* Testable_Dependency_Injection_Protocols.xcdatamodel */;
			path = Testable_Dependency_Injection_Protocols.xcdatamodeld;
			sourceTree = "<group>";
			versionGroupType = wrapper.xcdatamodel;
		};
/* End XCVersionGroup section */
	};
	rootObject = BE7FA8761F8898B400D681E9 /* Project object */;
}
